
Microsoft Visual Studio Solution File, Format Version 12.00
# Visual Studio Version 16
VisualStudioVersion = 16.0.29326.143
MinimumVisualStudioVersion = 10.0.40219.1
Project("{9A19103F-16F7-4668-BE54-9A1E7A4F7556}") = "PlanDoRepeatWeb", "PlanDoRepeatWeb\PlanDoRepeatWeb.csproj", "{23D0F4D0-C041-41F9-87F9-42D4497EAC55}"
	ProjectSection(ProjectDependencies) = postProject
		{1DBCA38F-8CE7-4BBF-842D-B8140D7A7B00} = {1DBCA38F-8CE7-4BBF-842D-B8140D7A7B00}
	EndProjectSection
EndProject
Project("{FAE04EC0-301F-11D3-BF4B-00C04F79EFBC}") = "Commons", "Commons\Commons.csproj", "{1DBCA38F-8CE7-4BBF-842D-B8140D7A7B00}"
EndProject
Global
	GlobalSection(SolutionConfigurationPlatforms) = preSolution
		Debug|Any CPU = Debug|Any CPU
		Release|Any CPU = Release|Any CPU
	EndGlobalSection
	GlobalSection(ProjectConfigurationPlatforms) = postSolution
		{23D0F4D0-C041-41F9-87F9-42D4497EAC55}.Debug|Any CPU.ActiveCfg = Debug|Any CPU
		{23D0F4D0-C041-41F9-87F9-42D4497EAC55}.Debug|Any CPU.Build.0 = Debug|Any CPU
		{23D0F4D0-C041-41F9-87F9-42D4497EAC55}.Release|Any CPU.ActiveCfg = Release|Any CPU
		{23D0F4D0-C041-41F9-87F9-42D4497EAC55}.Release|Any CPU.Build.0 = Release|Any CPU
		{1DBCA38F-8CE7-4BBF-842D-B8140D7A7B00}.Debug|Any CPU.ActiveCfg = Debug|Any CPU
		{1DBCA38F-8CE7-4BBF-842D-B8140D7A7B00}.Debug|Any CPU.Build.0 = Debug|Any CPU
		{1DBCA38F-8CE7-4BBF-842D-B8140D7A7B00}.Release|Any CPU.ActiveCfg = Release|Any CPU
		{1DBCA38F-8CE7-4BBF-842D-B8140D7A7B00}.Release|Any CPU.Build.0 = Release|Any CPU
	EndGlobalSection
	GlobalSection(SolutionProperties) = preSolution
		HideSolutionNode = FALSE
	EndGlobalSection
	GlobalSection(ExtensibilityGlobals) = postSolution
		SolutionGuid = {56AA2AE6-52E5-4A1B-B85F-2D28762A8B43}
	EndGlobalSection
EndGlobal
